
Microsoft Visual Studio Solution File, Format Version 12.00
# TcXaeShell Solution File, Format Version 11.00
VisualStudioVersion = 17.7.34302.85
MinimumVisualStudioVersion = 10.0.40219.1
Project("{B1E792BE-AA5F-4E3C-8C82-674BF9C0715B}") = "TwinCAT_SingletonPattern", "TwinCAT_SingletonPattern\TwinCAT_SingletonPattern.tsproj", "{3699AC5D-CB6A-431C-96B3-95EAA8331C84}"
EndProject
Global
	GlobalSection(SolutionConfigurationPlatforms) = preSolution
		Debug|TwinCAT OS (ARMV7-A) = Debug|TwinCAT OS (ARMV7-A)
		Debug|TwinCAT OS (ARMV7-M) = Debug|TwinCAT OS (ARMV7-M)
		Debug|TwinCAT OS (ARMV8-A) = Debug|TwinCAT OS (ARMV8-A)
		Debug|TwinCAT OS (x64) = Debug|TwinCAT OS (x64)
		Debug|TwinCAT RT (x64) = Debug|TwinCAT RT (x64)
		Debug|TwinCAT RT (x86) = Debug|TwinCAT RT (x86)
		Release|TwinCAT OS (ARMV7-A) = Release|TwinCAT OS (ARMV7-A)
		Release|TwinCAT OS (ARMV7-M) = Release|TwinCAT OS (ARMV7-M)
		Release|TwinCAT OS (ARMV8-A) = Release|TwinCAT OS (ARMV8-A)
		Release|TwinCAT OS (x64) = Release|TwinCAT OS (x64)
		Release|TwinCAT RT (x64) = Release|TwinCAT RT (x64)
		Release|TwinCAT RT (x86) = Release|TwinCAT RT (x86)
	EndGlobalSection
	GlobalSection(ProjectConfigurationPlatforms) = postSolution
		{3699AC5D-CB6A-431C-96B3-95EAA8331C84}.Debug|TwinCAT OS (ARMV7-A).ActiveCfg = Debug|TwinCAT OS (ARMV7-A)
		{3699AC5D-CB6A-431C-96B3-95EAA8331C84}.Debug|TwinCAT OS (ARMV7-A).Build.0 = Debug|TwinCAT OS (ARMV7-A)
		{3699AC5D-CB6A-431C-96B3-95EAA8331C84}.Debug|TwinCAT OS (ARMV7-M).ActiveCfg = Debug|TwinCAT OS (ARMV7-M)
		{3699AC5D-CB6A-431C-96B3-95EAA8331C84}.Debug|TwinCAT OS (ARMV7-M).Build.0 = Debug|TwinCAT OS (ARMV7-M)
		{3699AC5D-CB6A-431C-96B3-95EAA8331C84}.Debug|TwinCAT OS (ARMV8-A).ActiveCfg = Debug|TwinCAT OS (ARMV8-A)
		{3699AC5D-CB6A-431C-96B3-95EAA8331C84}.Debug|TwinCAT OS (ARMV8-A).Build.0 = Debug|TwinCAT OS (ARMV8-A)
		{3699AC5D-CB6A-431C-96B3-95EAA8331C84}.Debug|TwinCAT OS (x64).ActiveCfg = Debug|TwinCAT OS (x64)
		{3699AC5D-CB6A-431C-96B3-95EAA8331C84}.Debug|TwinCAT OS (x64).Build.0 = Debug|TwinCAT OS (x64)
		{3699AC5D-CB6A-431C-96B3-95EAA8331C84}.Debug|TwinCAT RT (x64).ActiveCfg = Debug|TwinCAT RT (x64)
		{3699AC5D-CB6A-431C-96B3-95EAA8331C84}.Debug|TwinCAT RT (x64).Build.0 = Debug|TwinCAT RT (x64)
		{3699AC5D-CB6A-431C-96B3-95EAA8331C84}.Debug|TwinCAT RT (x86).ActiveCfg = Debug|TwinCAT RT (x86)
		{3699AC5D-CB6A-431C-96B3-95EAA8331C84}.Debug|TwinCAT RT (x86).Build.0 = Debug|TwinCAT RT (x86)
		{3699AC5D-CB6A-431C-96B3-95EAA8331C84}.Release|TwinCAT OS (ARMV7-A).ActiveCfg = Release|TwinCAT OS (ARMV7-A)
		{3699AC5D-CB6A-431C-96B3-95EAA8331C84}.Release|TwinCAT OS (ARMV7-A).Build.0 = Release|TwinCAT OS (ARMV7-A)
		{3699AC5D-CB6A-431C-96B3-95EAA8331C84}.Release|TwinCAT OS (ARMV7-M).ActiveCfg = Release|TwinCAT OS (ARMV7-M)
		{3699AC5D-CB6A-431C-96B3-95EAA8331C84}.Release|TwinCAT OS (ARMV7-M).Build.0 = Release|TwinCAT OS (ARMV7-M)
		{3699AC5D-CB6A-431C-96B3-95EAA8331C84}.Release|TwinCAT OS (ARMV8-A).ActiveCfg = Release|TwinCAT OS (ARMV8-A)
		{3699AC5D-CB6A-431C-96B3-95EAA8331C84}.Release|TwinCAT OS (ARMV8-A).Build.0 = Release|TwinCAT OS (ARMV8-A)
		{3699AC5D-CB6A-431C-96B3-95EAA8331C84}.Release|TwinCAT OS (x64).ActiveCfg = Release|TwinCAT OS (x64)
		{3699AC5D-CB6A-431C-96B3-95EAA8331C84}.Release|TwinCAT OS (x64).Build.0 = Release|TwinCAT OS (x64)
		{3699AC5D-CB6A-431C-96B3-95EAA8331C84}.Release|TwinCAT RT (x64).ActiveCfg = Release|TwinCAT RT (x64)
		{3699AC5D-CB6A-431C-96B3-95EAA8331C84}.Release|TwinCAT RT (x64).Build.0 = Release|TwinCAT RT (x64)
		{3699AC5D-CB6A-431C-96B3-95EAA8331C84}.Release|TwinCAT RT (x86).ActiveCfg = Release|TwinCAT RT (x86)
		{3699AC5D-CB6A-431C-96B3-95EAA8331C84}.Release|TwinCAT RT (x86).Build.0 = Release|TwinCAT RT (x86)
		{2E6324A3-C8A1-4CD2-AAA7-75A52D82E0D5}.Debug|TwinCAT OS (ARMV7-A).ActiveCfg = Debug|TwinCAT OS (ARMV7-A)
		{2E6324A3-C8A1-4CD2-AAA7-75A52D82E0D5}.Debug|TwinCAT OS (ARMV7-A).Build.0 = Debug|TwinCAT OS (ARMV7-A)
		{2E6324A3-C8A1-4CD2-AAA7-75A52D82E0D5}.Debug|TwinCAT OS (ARMV7-M).ActiveCfg = Debug|TwinCAT OS (ARMV7-M)
		{2E6324A3-C8A1-4CD2-AAA7-75A52D82E0D5}.Debug|TwinCAT OS (ARMV7-M).Build.0 = Debug|TwinCAT OS (ARMV7-M)
		{2E6324A3-C8A1-4CD2-AAA7-75A52D82E0D5}.Debug|TwinCAT OS (ARMV8-A).ActiveCfg = Debug|TwinCAT OS (ARMV8-A)
		{2E6324A3-C8A1-4CD2-AAA7-75A52D82E0D5}.Debug|TwinCAT OS (ARMV8-A).Build.0 = Debug|TwinCAT OS (ARMV8-A)
		{2E6324A3-C8A1-4CD2-AAA7-75A52D82E0D5}.Debug|TwinCAT OS (x64).ActiveCfg = Debug|TwinCAT OS (x64)
		{2E6324A3-C8A1-4CD2-AAA7-75A52D82E0D5}.Debug|TwinCAT OS (x64).Build.0 = Debug|TwinCAT OS (x64)
		{2E6324A3-C8A1-4CD2-AAA7-75A52D82E0D5}.Debug|TwinCAT RT (x64).ActiveCfg = Debug|TwinCAT RT (x64)
		{2E6324A3-C8A1-4CD2-AAA7-75A52D82E0D5}.Debug|TwinCAT RT (x64).Build.0 = Debug|TwinCAT RT (x64)
		{2E6324A3-C8A1-4CD2-AAA7-75A52D82E0D5}.Debug|TwinCAT RT (x86).ActiveCfg = Debug|TwinCAT RT (x86)
		{2E6324A3-C8A1-4CD2-AAA7-75A52D82E0D5}.Debug|TwinCAT RT (x86).Build.0 = Debug|TwinCAT RT (x86)
		{2E6324A3-C8A1-4CD2-AAA7-75A52D82E0D5}.Release|TwinCAT OS (ARMV7-A).ActiveCfg = Release|TwinCAT OS (ARMV7-A)
		{2E6324A3-C8A1-4CD2-AAA7-75A52D82E0D5}.Release|TwinCAT OS (ARMV7-A).Build.0 = Release|TwinCAT OS (ARMV7-A)
		{2E6324A3-C8A1-4CD2-AAA7-75A52D82E0D5}.Release|TwinCAT OS (ARMV7-M).ActiveCfg = Release|TwinCAT OS (ARMV7-M)
		{2E6324A3-C8A1-4CD2-AAA7-75A52D82E0D5}.Release|TwinCAT OS (ARMV7-M).Build.0 = Release|TwinCAT OS (ARMV7-M)
		{2E6324A3-C8A1-4CD2-AAA7-75A52D82E0D5}.Release|TwinCAT OS (ARMV8-A).ActiveCfg = Release|TwinCAT OS (ARMV8-A)
		{2E6324A3-C8A1-4CD2-AAA7-75A52D82E0D5}.Release|TwinCAT OS (ARMV8-A).Build.0 = Release|TwinCAT OS (ARMV8-A)
		{2E6324A3-C8A1-4CD2-AAA7-75A52D82E0D5}.Release|TwinCAT OS (x64).ActiveCfg = Release|TwinCAT OS (x64)
		{2E6324A3-C8A1-4CD2-AAA7-75A52D82E0D5}.Release|TwinCAT OS (x64).Build.0 = Release|TwinCAT OS (x64)
		{2E6324A3-C8A1-4CD2-AAA7-75A52D82E0D5}.Release|TwinCAT RT (x64).ActiveCfg = Release|TwinCAT RT (x64)
		{2E6324A3-C8A1-4CD2-AAA7-75A52D82E0D5}.Release|TwinCAT RT (x64).Build.0 = Release|TwinCAT RT (x64)
		{2E6324A3-C8A1-4CD2-AAA7-75A52D82E0D5}.Release|TwinCAT RT (x86).ActiveCfg = Release|TwinCAT RT (x86)
		{2E6324A3-C8A1-4CD2-AAA7-75A52D82E0D5}.Release|TwinCAT RT (x86).Build.0 = Release|TwinCAT RT (x86)
		{FB85762A-D4C8-4640-BD1D-83CDEA747F4B}.Debug|TwinCAT OS (ARMV7-A).ActiveCfg = Debug|TwinCAT OS (ARMV7-A)
		{FB85762A-D4C8-4640-BD1D-83CDEA747F4B}.Debug|TwinCAT OS (ARMV7-A).Build.0 = Debug|TwinCAT OS (ARMV7-A)
		{FB85762A-D4C8-4640-BD1D-83CDEA747F4B}.Debug|TwinCAT OS (ARMV7-M).ActiveCfg = Debug|TwinCAT OS (ARMV7-M)
		{FB85762A-D4C8-4640-BD1D-83CDEA747F4B}.Debug|TwinCAT OS (ARMV7-M).Build.0 = Debug|TwinCAT OS (ARMV7-M)
		{FB85762A-D4C8-4640-BD1D-83CDEA747F4B}.Debug|TwinCAT OS (ARMV8-A).ActiveCfg = Debug|TwinCAT OS (ARMV8-A)
		{FB85762A-D4C8-4640-BD1D-83CDEA747F4B}.Debug|TwinCAT OS (ARMV8-A).Build.0 = Debug|TwinCAT OS (ARMV8-A)
		{FB85762A-D4C8-4640-BD1D-83CDEA747F4B}.Debug|TwinCAT OS (x64).ActiveCfg = Debug|TwinCAT OS (x64)
		{FB85762A-D4C8-4640-BD1D-83CDEA747F4B}.Debug|TwinCAT OS (x64).Build.0 = Debug|TwinCAT OS (x64)
		{FB85762A-D4C8-4640-BD1D-83CDEA747F4B}.Debug|TwinCAT RT (x64).ActiveCfg = Debug|TwinCAT RT (x64)
		{FB85762A-D4C8-4640-BD1D-83CDEA747F4B}.Debug|TwinCAT RT (x64).Build.0 = Debug|TwinCAT RT (x64)
		{FB85762A-D4C8-4640-BD1D-83CDEA747F4B}.Debug|TwinCAT RT (x86).ActiveCfg = Debug|TwinCAT RT (x86)
		{FB85762A-D4C8-4640-BD1D-83CDEA747F4B}.Debug|TwinCAT RT (x86).Build.0 = Debug|TwinCAT RT (x86)
		{FB85762A-D4C8-4640-BD1D-83CDEA747F4B}.Release|TwinCAT OS (ARMV7-A).ActiveCfg = Release|TwinCAT OS (ARMV7-A)
		{FB85762A-D4C8-4640-BD1D-83CDEA747F4B}.Release|TwinCAT OS (ARMV7-A).Build.0 = Release|TwinCAT OS (ARMV7-A)
		{FB85762A-D4C8-4640-BD1D-83CDEA747F4B}.Release|TwinCAT OS (ARMV7-M).ActiveCfg = Release|TwinCAT OS (ARMV7-M)
		{FB85762A-D4C8-4640-BD1D-83CDEA747F4B}.Release|TwinCAT OS (ARMV7-M).Build.0 = Release|TwinCAT OS (ARMV7-M)
		{FB85762A-D4C8-4640-BD1D-83CDEA747F4B}.Release|TwinCAT OS (ARMV8-A).ActiveCfg = Release|TwinCAT OS (ARMV8-A)
		{FB85762A-D4C8-4640-BD1D-83CDEA747F4B}.Release|TwinCAT OS (ARMV8-A).Build.0 = Release|TwinCAT OS (ARMV8-A)
		{FB85762A-D4C8-4640-BD1D-83CDEA747F4B}.Release|TwinCAT OS (x64).ActiveCfg = Release|TwinCAT OS (x64)
		{FB85762A-D4C8-4640-BD1D-83CDEA747F4B}.Release|TwinCAT OS (x64).Build.0 = Release|TwinCAT OS (x64)
		{FB85762A-D4C8-4640-BD1D-83CDEA747F4B}.Release|TwinCAT RT (x64).ActiveCfg = Release|TwinCAT RT (x64)
		{FB85762A-D4C8-4640-BD1D-83CDEA747F4B}.Release|TwinCAT RT (x64).Build.0 = Release|TwinCAT RT (x64)
		{FB85762A-D4C8-4640-BD1D-83CDEA747F4B}.Release|TwinCAT RT (x86).ActiveCfg = Release|TwinCAT RT (x86)
		{FB85762A-D4C8-4640-BD1D-83CDEA747F4B}.Release|TwinCAT RT (x86).Build.0 = Release|TwinCAT RT (x86)
	EndGlobalSection
	GlobalSection(SolutionProperties) = preSolution
		HideSolutionNode = FALSE
	EndGlobalSection
	GlobalSection(ExtensibilityGlobals) = postSolution
		SolutionGuid = {2D567478-D2A9-4DBC-AE01-C83B23C452B7}
	EndGlobalSection
EndGlobal
